{
  "name": "test",
  "version": "1.0.0",
  "lockfileVersion": 3,
  "requires": true,
  "packages": {
    "": {
      "name": "test",
      "version": "1.0.0",
      "license": "ISC",
      "dependencies": {
        "aankitcalc": "^1.0.0"
      }
    },
    "node_modules/aankitcalc": {
      "version": "1.0.0",
      "resolved": "https://registry.npmjs.org/aankitcalc/-/aankitcalc-1.0.0.tgz",
      "integrity": "sha512-E+s9/0QY3MnFm7qyDvqOa5cGTtTtK6FR/uA/olJ2YMrpp+QpoJlowbky6pVSra9lXhDFOxcumy2yEyw335Wmgw=="
    }
  }
}
